
Microsoft Visual Studio Solution File, Format Version 12.00
# Visual Studio 14
VisualStudioVersion = 14.0.25123.0
MinimumVisualStudioVersion = 10.0.40219.1
Project("{FAE04EC0-301F-11D3-BF4B-00C04F79EFBC}") = "MatchuPicchu", "MatchuPicchu\MatchuPicchu.csproj", "{FE7A1AE6-6B9F-4D69-B549-7BC11CE418C4}"
EndProject
Project("{FAE04EC0-301F-11D3-BF4B-00C04F79EFBC}") = "Installer", "Installer\Installer.csproj", "{C94D9215-02AB-413D-BA90-FA623A6D19F7}"
EndProject
Global
	GlobalSection(SolutionConfigurationPlatforms) = preSolution
		Debug|Any CPU = Debug|Any CPU
		Release|Any CPU = Release|Any CPU
	EndGlobalSection
	GlobalSection(ProjectConfigurationPlatforms) = postSolution
		{FE7A1AE6-6B9F-4D69-B549-7BC11CE418C4}.Debug|Any CPU.ActiveCfg = Debug|Any CPU
		{FE7A1AE6-6B9F-4D69-B549-7BC11CE418C4}.Debug|Any CPU.Build.0 = Debug|Any CPU
		{FE7A1AE6-6B9F-4D69-B549-7BC11CE418C4}.Release|Any CPU.ActiveCfg = Release|Any CPU
		{FE7A1AE6-6B9F-4D69-B549-7BC11CE418C4}.Release|Any CPU.Build.0 = Release|Any CPU
		{C94D9215-02AB-413D-BA90-FA623A6D19F7}.Debug|Any CPU.ActiveCfg = Debug|Any CPU
		{C94D9215-02AB-413D-BA90-FA623A6D19F7}.Debug|Any CPU.Build.0 = Debug|Any CPU
		{C94D9215-02AB-413D-BA90-FA623A6D19F7}.Release|Any CPU.ActiveCfg = Release|Any CPU
		{C94D9215-02AB-413D-BA90-FA623A6D19F7}.Release|Any CPU.Build.0 = Release|Any CPU
	EndGlobalSection
	GlobalSection(SolutionProperties) = preSolution
		HideSolutionNode = FALSE
	EndGlobalSection
EndGlobal
